
Microsoft Visual Studio Solution File, Format Version 12.00
# Visual Studio Version 16
VisualStudioVersion = 16.0.30804.86
MinimumVisualStudioVersion = 10.0.40219.1
Project("{888888A0-9F3D-457C-B088-3A5042F75D52}") = "Aula1", "Aula1.pyproj", "{9B2BE72E-8380-429D-A7A6-C48202FB2CCC}"
EndProject
Global
	GlobalSection(SolutionConfigurationPlatforms) = preSolution
		Debug|Any CPU = Debug|Any CPU
		Release|Any CPU = Release|Any CPU
	EndGlobalSection
	GlobalSection(ProjectConfigurationPlatforms) = postSolution
		{9B2BE72E-8380-429D-A7A6-C48202FB2CCC}.Debug|Any CPU.ActiveCfg = Debug|Any CPU
		{9B2BE72E-8380-429D-A7A6-C48202FB2CCC}.Release|Any CPU.ActiveCfg = Release|Any CPU
	EndGlobalSection
	GlobalSection(SolutionProperties) = preSolution
		HideSolutionNode = FALSE
	EndGlobalSection
	GlobalSection(ExtensibilityGlobals) = postSolution
		SolutionGuid = {B3FC8B0E-EFA0-4CD4-8489-7C876B63F1FA}
	EndGlobalSection
EndGlobal
